// !$*UTF8*$!
{
	archiveVersion = 1;
	classes = {
	};
	objectVersion = 50;
	objects = {

/* Begin PBXBuildFile section */
		8C2FDD1126114BC800810CD7 /* AppDelegate.swift in Sources */ = {isa = PBXBuildFile; fileRef = 8C2FDD1026114BC800810CD7 /* AppDelegate.swift */; };
		8C2FDD1626114BC800810CD7 /* Main.storyboard in Resources */ = {isa = PBXBuildFile; fileRef = 8C2FDD1426114BC800810CD7 /* Main.storyboard */; };
		8C2FDD1826114BCA00810CD7 /* Assets.xcassets in Resources */ = {isa = PBXBuildFile; fileRef = 8C2FDD1726114BCA00810CD7 /* Assets.xcassets */; };
		8C2FDD1B26114BCA00810CD7 /* LaunchScreen.storyboard in Resources */ = {isa = PBXBuildFile; fileRef = 8C2FDD1926114BCA00810CD7 /* LaunchScreen.storyboard */; };
		8C2FDD2626114BCA00810CD7 /* BookSearcherTests.swift in Sources */ = {isa = PBXBuildFile; fileRef = 8C2FDD2526114BCA00810CD7 /* BookSearcherTests.swift */; };
		8C2FDD3526114E6D00810CD7 /* SearchView.swift in Sources */ = {isa = PBXBuildFile; fileRef = 8C2FDD3426114E6D00810CD7 /* SearchView.swift */; };
		8C2FDD3726114E7B00810CD7 /* DetailsView.swift in Sources */ = {isa = PBXBuildFile; fileRef = 8C2FDD3626114E7B00810CD7 /* DetailsView.swift */; };
		8C2FDD3926114EBE00810CD7 /* SearchInteractor.swift in Sources */ = {isa = PBXBuildFile; fileRef = 8C2FDD3826114EBE00810CD7 /* SearchInteractor.swift */; };
		8C2FDD3B26114ED600810CD7 /* SearchPresenter.swift in Sources */ = {isa = PBXBuildFile; fileRef = 8C2FDD3A26114ED600810CD7 /* SearchPresenter.swift */; };
		8C2FDD3D26114EF600810CD7 /* SearchConfigurator.swift in Sources */ = {isa = PBXBuildFile; fileRef = 8C2FDD3C26114EF600810CD7 /* SearchConfigurator.swift */; };
		8C2FDD3F26114F0F00810CD7 /* SearchRouter.swift in Sources */ = {isa = PBXBuildFile; fileRef = 8C2FDD3E26114F0F00810CD7 /* SearchRouter.swift */; };
		8C2FDD4126114F2A00810CD7 /* DetailsInteractor.swift in Sources */ = {isa = PBXBuildFile; fileRef = 8C2FDD4026114F2A00810CD7 /* DetailsInteractor.swift */; };
		8C2FDD4326114F3700810CD7 /* DetailsPresenter.swift in Sources */ = {isa = PBXBuildFile; fileRef = 8C2FDD4226114F3700810CD7 /* DetailsPresenter.swift */; };
		8C2FDD4526114F4A00810CD7 /* DetailsConfigurator.swift in Sources */ = {isa = PBXBuildFile; fileRef = 8C2FDD4426114F4A00810CD7 /* DetailsConfigurator.swift */; };
		8C2FDD4726114F5900810CD7 /* DetailsRouter.swift in Sources */ = {isa = PBXBuildFile; fileRef = 8C2FDD4626114F5900810CD7 /* DetailsRouter.swift */; };
		8C2FDD5626127D4400810CD7 /* SearchViewInputProtocol.swift in Sources */ = {isa = PBXBuildFile; fileRef = 8C2FDD5526127D4400810CD7 /* SearchViewInputProtocol.swift */; };
		8C2FDD5826127E6200810CD7 /* SearchViewOutputProtocol.swift in Sources */ = {isa = PBXBuildFile; fileRef = 8C2FDD5726127E6200810CD7 /* SearchViewOutputProtocol.swift */; };
		8C2FDD5A26127E7100810CD7 /* SearchInteractorProtocol.swift in Sources */ = {isa = PBXBuildFile; fileRef = 8C2FDD5926127E7100810CD7 /* SearchInteractorProtocol.swift */; };
		8C2FDD5C26127EC200810CD7 /* SearchRouterProtocol.swift in Sources */ = {isa = PBXBuildFile; fileRef = 8C2FDD5B26127EC200810CD7 /* SearchRouterProtocol.swift */; };
		8C2FDD5F26127F4700810CD7 /* ViewProtocol.swift in Sources */ = {isa = PBXBuildFile; fileRef = 8C2FDD5E26127F4700810CD7 /* ViewProtocol.swift */; };
		8C2FDD6126127F9200810CD7 /* NetworkService.swift in Sources */ = {isa = PBXBuildFile; fileRef = 8C2FDD6026127F9200810CD7 /* NetworkService.swift */; };
		8C2FDD6326127FAB00810CD7 /* BookDTO.swift in Sources */ = {isa = PBXBuildFile; fileRef = 8C2FDD6226127FAB00810CD7 /* BookDTO.swift */; };
/* End PBXBuildFile section */

/* Begin PBXContainerItemProxy section */
		8C2FDD2226114BCA00810CD7 /* PBXContainerItemProxy */ = {
			isa = PBXContainerItemProxy;
			containerPortal = 8C2FDD0526114BC800810CD7 /* Project object */;
			proxyType = 1;
			remoteGlobalIDString = 8C2FDD0C26114BC800810CD7;
			remoteInfo = BookSearcher;
		};
/* End PBXContainerItemProxy section */

/* Begin PBXFileReference section */
		8C2FDD0D26114BC800810CD7 /* BookSearcher.app */ = {isa = PBXFileReference; explicitFileType = wrapper.application; includeInIndex = 0; path = BookSearcher.app; sourceTree = BUILT_PRODUCTS_DIR; };
		8C2FDD1026114BC800810CD7 /* AppDelegate.swift */ = {isa = PBXFileReference; lastKnownFileType = sourcecode.swift; path = AppDelegate.swift; sourceTree = "<group>"; };
		8C2FDD1526114BC800810CD7 /* Base */ = {isa = PBXFileReference; lastKnownFileType = file.storyboard; name = Base; path = Base.lproj/Main.storyboard; sourceTree = "<group>"; };
		8C2FDD1726114BCA00810CD7 /* Assets.xcassets */ = {isa = PBXFileReference; lastKnownFileType = folder.assetcatalog; path = Assets.xcassets; sourceTree = "<group>"; };
		8C2FDD1A26114BCA00810CD7 /* Base */ = {isa = PBXFileReference; lastKnownFileType = file.storyboard; name = Base; path = Base.lproj/LaunchScreen.storyboard; sourceTree = "<group>"; };
		8C2FDD1C26114BCA00810CD7 /* Info.plist */ = {isa = PBXFileReference; lastKnownFileType = text.plist.xml; path = Info.plist; sourceTree = "<group>"; };
		8C2FDD2126114BCA00810CD7 /* BookSearcherTests.xctest */ = {isa = PBXFileReference; explicitFileType = wrapper.cfbundle; includeInIndex = 0; path = BookSearcherTests.xctest; sourceTree = BUILT_PRODUCTS_DIR; };
		8C2FDD2526114BCA00810CD7 /* BookSearcherTests.swift */ = {isa = PBXFileReference; lastKnownFileType = sourcecode.swift; path = BookSearcherTests.swift; sourceTree = "<group>"; };
		8C2FDD2726114BCA00810CD7 /* Info.plist */ = {isa = PBXFileReference; lastKnownFileType = text.plist.xml; path = Info.plist; sourceTree = "<group>"; };
		8C2FDD3426114E6D00810CD7 /* SearchView.swift */ = {isa = PBXFileReference; lastKnownFileType = sourcecode.swift; path = SearchView.swift; sourceTree = "<group>"; };
		8C2FDD3626114E7B00810CD7 /* DetailsView.swift */ = {isa = PBXFileReference; lastKnownFileType = sourcecode.swift; path = DetailsView.swift; sourceTree = "<group>"; };
		8C2FDD3826114EBE00810CD7 /* SearchInteractor.swift */ = {isa = PBXFileReference; lastKnownFileType = sourcecode.swift; path = SearchInteractor.swift; sourceTree = "<group>"; };
		8C2FDD3A26114ED600810CD7 /* SearchPresenter.swift */ = {isa = PBXFileReference; lastKnownFileType = sourcecode.swift; path = SearchPresenter.swift; sourceTree = "<group>"; };
		8C2FDD3C26114EF600810CD7 /* SearchConfigurator.swift */ = {isa = PBXFileReference; lastKnownFileType = sourcecode.swift; path = SearchConfigurator.swift; sourceTree = "<group>"; };
		8C2FDD3E26114F0F00810CD7 /* SearchRouter.swift */ = {isa = PBXFileReference; lastKnownFileType = sourcecode.swift; path = SearchRouter.swift; sourceTree = "<group>"; };
		8C2FDD4026114F2A00810CD7 /* DetailsInteractor.swift */ = {isa = PBXFileReference; lastKnownFileType = sourcecode.swift; path = DetailsInteractor.swift; sourceTree = "<group>"; };
		8C2FDD4226114F3700810CD7 /* DetailsPresenter.swift */ = {isa = PBXFileReference; lastKnownFileType = sourcecode.swift; path = DetailsPresenter.swift; sourceTree = "<group>"; };
		8C2FDD4426114F4A00810CD7 /* DetailsConfigurator.swift */ = {isa = PBXFileReference; lastKnownFileType = sourcecode.swift; path = DetailsConfigurator.swift; sourceTree = "<group>"; };
		8C2FDD4626114F5900810CD7 /* DetailsRouter.swift */ = {isa = PBXFileReference; lastKnownFileType = sourcecode.swift; path = DetailsRouter.swift; sourceTree = "<group>"; };
		8C2FDD5526127D4400810CD7 /* SearchViewInputProtocol.swift */ = {isa = PBXFileReference; lastKnownFileType = sourcecode.swift; path = SearchViewInputProtocol.swift; sourceTree = "<group>"; };
		8C2FDD5726127E6200810CD7 /* SearchViewOutputProtocol.swift */ = {isa = PBXFileReference; lastKnownFileType = sourcecode.swift; path = SearchViewOutputProtocol.swift; sourceTree = "<group>"; };
		8C2FDD5926127E7100810CD7 /* SearchInteractorProtocol.swift */ = {isa = PBXFileReference; lastKnownFileType = sourcecode.swift; path = SearchInteractorProtocol.swift; sourceTree = "<group>"; };
		8C2FDD5B26127EC200810CD7 /* SearchRouterProtocol.swift */ = {isa = PBXFileReference; lastKnownFileType = sourcecode.swift; path = SearchRouterProtocol.swift; sourceTree = "<group>"; };
		8C2FDD5E26127F4700810CD7 /* ViewProtocol.swift */ = {isa = PBXFileReference; lastKnownFileType = sourcecode.swift; path = ViewProtocol.swift; sourceTree = "<group>"; };
		8C2FDD6026127F9200810CD7 /* NetworkService.swift */ = {isa = PBXFileReference; lastKnownFileType = sourcecode.swift; path = NetworkService.swift; sourceTree = "<group>"; };
		8C2FDD6226127FAB00810CD7 /* BookDTO.swift */ = {isa = PBXFileReference; lastKnownFileType = sourcecode.swift; path = BookDTO.swift; sourceTree = "<group>"; };
/* End PBXFileReference section */

/* Begin PBXFrameworksBuildPhase section */
		8C2FDD0A26114BC800810CD7 /* Frameworks */ = {
			isa = PBXFrameworksBuildPhase;
			buildActionMask = 2147483647;
			files = (
			);
			runOnlyForDeploymentPostprocessing = 0;
		};
		8C2FDD1E26114BCA00810CD7 /* Frameworks */ = {
			isa = PBXFrameworksBuildPhase;
			buildActionMask = 2147483647;
			files = (
			);
			runOnlyForDeploymentPostprocessing = 0;
		};
/* End PBXFrameworksBuildPhase section */

/* Begin PBXGroup section */
		8C2FDD0426114BC800810CD7 = {
			isa = PBXGroup;
			children = (
				8C2FDD0F26114BC800810CD7 /* BookSearcher */,
				8C2FDD2426114BCA00810CD7 /* BookSearcherTests */,
				8C2FDD0E26114BC800810CD7 /* Products */,
			);
			sourceTree = "<group>";
		};
		8C2FDD0E26114BC800810CD7 /* Products */ = {
			isa = PBXGroup;
			children = (
				8C2FDD0D26114BC800810CD7 /* BookSearcher.app */,
				8C2FDD2126114BCA00810CD7 /* BookSearcherTests.xctest */,
			);
			name = Products;
			sourceTree = "<group>";
		};
		8C2FDD0F26114BC800810CD7 /* BookSearcher */ = {
			isa = PBXGroup;
			children = (
				8C2FDD1026114BC800810CD7 /* AppDelegate.swift */,
				8C2FDD5226126F8A00810CD7 /* Domain */,
				8C2FDD3126114C8D00810CD7 /* Modules */,
				8C2FDD1426114BC800810CD7 /* Main.storyboard */,
				8C2FDD1726114BCA00810CD7 /* Assets.xcassets */,
				8C2FDD1926114BCA00810CD7 /* LaunchScreen.storyboard */,
				8C2FDD1C26114BCA00810CD7 /* Info.plist */,
			);
			path = BookSearcher;
			sourceTree = "<group>";
		};
		8C2FDD2426114BCA00810CD7 /* BookSearcherTests */ = {
			isa = PBXGroup;
			children = (
				8C2FDD2526114BCA00810CD7 /* BookSearcherTests.swift */,
				8C2FDD2726114BCA00810CD7 /* Info.plist */,
			);
			path = BookSearcherTests;
			sourceTree = "<group>";
		};
		8C2FDD3126114C8D00810CD7 /* Modules */ = {
			isa = PBXGroup;
			children = (
				8C2FDD5D26127EFC00810CD7 /* General */,
				8C2FDD3226114E3E00810CD7 /* Search */,
				8C2FDD3326114E4700810CD7 /* Details */,
			);
			path = Modules;
			sourceTree = "<group>";
		};
		8C2FDD3226114E3E00810CD7 /* Search */ = {
			isa = PBXGroup;
			children = (
				8C2FDD4826126C4000810CD7 /* View */,
				8C2FDD4926126C5500810CD7 /* Interactor */,
				8C2FDD4A26126C6000810CD7 /* Presenter */,
				8C2FDD4B26126C7700810CD7 /* Configurator */,
				8C2FDD4C26126C8B00810CD7 /* Router */,
			);
			path = Search;
			sourceTree = "<group>";
		};
		8C2FDD3326114E4700810CD7 /* Details */ = {
			isa = PBXGroup;
			children = (
				8C2FDD4D26126C9E00810CD7 /* View */,
				8C2FDD5126126CC000810CD7 /* Interactor */,
				8C2FDD5026126CB600810CD7 /* Presenter */,
				8C2FDD4F26126CAD00810CD7 /* Configurator */,
				8C2FDD4E26126CA600810CD7 /* Router */,
			);
			path = Details;
			sourceTree = "<group>";
		};
		8C2FDD4826126C4000810CD7 /* View */ = {
			isa = PBXGroup;
			children = (
				8C2FDD5526127D4400810CD7 /* SearchViewInputProtocol.swift */,
				8C2FDD5726127E6200810CD7 /* SearchViewOutputProtocol.swift */,
				8C2FDD3426114E6D00810CD7 /* SearchView.swift */,
			);
			path = View;
			sourceTree = "<group>";
		};
		8C2FDD4926126C5500810CD7 /* Interactor */ = {
			isa = PBXGroup;
			children = (
				8C2FDD5926127E7100810CD7 /* SearchInteractorProtocol.swift */,
				8C2FDD3826114EBE00810CD7 /* SearchInteractor.swift */,
			);
			path = Interactor;
			sourceTree = "<group>";
		};
		8C2FDD4A26126C6000810CD7 /* Presenter */ = {
			isa = PBXGroup;
			children = (
				8C2FDD3A26114ED600810CD7 /* SearchPresenter.swift */,
			);
			path = Presenter;
			sourceTree = "<group>";
		};
		8C2FDD4B26126C7700810CD7 /* Configurator */ = {
			isa = PBXGroup;
			children = (
				8C2FDD3C26114EF600810CD7 /* SearchConfigurator.swift */,
			);
			path = Configurator;
			sourceTree = "<group>";
		};
		8C2FDD4C26126C8B00810CD7 /* Router */ = {
			isa = PBXGroup;
			children = (
				8C2FDD5B26127EC200810CD7 /* SearchRouterProtocol.swift */,
				8C2FDD3E26114F0F00810CD7 /* SearchRouter.swift */,
			);
			path = Router;
			sourceTree = "<group>";
		};
		8C2FDD4D26126C9E00810CD7 /* View */ = {
			isa = PBXGroup;
			children = (
				8C2FDD3626114E7B00810CD7 /* DetailsView.swift */,
			);
			path = View;
			sourceTree = "<group>";
		};
		8C2FDD4E26126CA600810CD7 /* Router */ = {
			isa = PBXGroup;
			children = (
				8C2FDD4626114F5900810CD7 /* DetailsRouter.swift */,
			);
			path = Router;
			sourceTree = "<group>";
		};
		8C2FDD4F26126CAD00810CD7 /* Configurator */ = {
			isa = PBXGroup;
			children = (
				8C2FDD4426114F4A00810CD7 /* DetailsConfigurator.swift */,
			);
			path = Configurator;
			sourceTree = "<group>";
		};
		8C2FDD5026126CB600810CD7 /* Presenter */ = {
			isa = PBXGroup;
			children = (
				8C2FDD4226114F3700810CD7 /* DetailsPresenter.swift */,
			);
			path = Presenter;
			sourceTree = "<group>";
		};
		8C2FDD5126126CC000810CD7 /* Interactor */ = {
			isa = PBXGroup;
			children = (
				8C2FDD4026114F2A00810CD7 /* DetailsInteractor.swift */,
			);
			path = Interactor;
			sourceTree = "<group>";
		};
		8C2FDD5226126F8A00810CD7 /* Domain */ = {
			isa = PBXGroup;
			children = (
				8C2FDD5426127CEE00810CD7 /* DTOs */,
				8C2FDD5326127CD900810CD7 /* Services */,
			);
			path = Domain;
			sourceTree = "<group>";
		};
		8C2FDD5326127CD900810CD7 /* Services */ = {
			isa = PBXGroup;
			children = (
				8C2FDD6026127F9200810CD7 /* NetworkService.swift */,
			);
			path = Services;
			sourceTree = "<group>";
		};
		8C2FDD5426127CEE00810CD7 /* DTOs */ = {
			isa = PBXGroup;
			children = (
				8C2FDD6226127FAB00810CD7 /* BookDTO.swift */,
			);
			path = DTOs;
			sourceTree = "<group>";
		};
		8C2FDD5D26127EFC00810CD7 /* General */ = {
			isa = PBXGroup;
			children = (
				8C2FDD5E26127F4700810CD7 /* ViewProtocol.swift */,
			);
			path = General;
			sourceTree = "<group>";
		};
/* End PBXGroup section */

/* Begin PBXNativeTarget section */
		8C2FDD0C26114BC800810CD7 /* BookSearcher */ = {
			isa = PBXNativeTarget;
			buildConfigurationList = 8C2FDD2A26114BCA00810CD7 /* Build configuration list for PBXNativeTarget "BookSearcher" */;
			buildPhases = (
				8C2FDD0926114BC800810CD7 /* Sources */,
				8C2FDD0A26114BC800810CD7 /* Frameworks */,
				8C2FDD0B26114BC800810CD7 /* Resources */,
			);
			buildRules = (
			);
			dependencies = (
			);
			name = BookSearcher;
			productName = BookSearcher;
			productReference = 8C2FDD0D26114BC800810CD7 /* BookSearcher.app */;
			productType = "com.apple.product-type.application";
		};
		8C2FDD2026114BCA00810CD7 /* BookSearcherTests */ = {
			isa = PBXNativeTarget;
			buildConfigurationList = 8C2FDD2D26114BCA00810CD7 /* Build configuration list for PBXNativeTarget "BookSearcherTests" */;
			buildPhases = (
				8C2FDD1D26114BCA00810CD7 /* Sources */,
				8C2FDD1E26114BCA00810CD7 /* Frameworks */,
				8C2FDD1F26114BCA00810CD7 /* Resources */,
			);
			buildRules = (
			);
			dependencies = (
				8C2FDD2326114BCA00810CD7 /* PBXTargetDependency */,
			);
			name = BookSearcherTests;
			productName = BookSearcherTests;
			productReference = 8C2FDD2126114BCA00810CD7 /* BookSearcherTests.xctest */;
			productType = "com.apple.product-type.bundle.unit-test";
		};
/* End PBXNativeTarget section */

/* Begin PBXProject section */
		8C2FDD0526114BC800810CD7 /* Project object */ = {
			isa = PBXProject;
			attributes = {
				LastSwiftUpdateCheck = 1010;
				LastUpgradeCheck = 1010;
				ORGANIZATIONNAME = VladyslavKorzun;
				TargetAttributes = {
					8C2FDD0C26114BC800810CD7 = {
						CreatedOnToolsVersion = 10.1;
					};
					8C2FDD2026114BCA00810CD7 = {
						CreatedOnToolsVersion = 10.1;
						TestTargetID = 8C2FDD0C26114BC800810CD7;
					};
				};
			};
			buildConfigurationList = 8C2FDD0826114BC800810CD7 /* Build configuration list for PBXProject "BookSearcher" */;
			compatibilityVersion = "Xcode 9.3";
			developmentRegion = en;
			hasScannedForEncodings = 0;
			knownRegions = (
				en,
				Base,
			);
			mainGroup = 8C2FDD0426114BC800810CD7;
			productRefGroup = 8C2FDD0E26114BC800810CD7 /* Products */;
			projectDirPath = "";
			projectRoot = "";
			targets = (
				8C2FDD0C26114BC800810CD7 /* BookSearcher */,
				8C2FDD2026114BCA00810CD7 /* BookSearcherTests */,
			);
		};
/* End PBXProject section */

/* Begin PBXResourcesBuildPhase section */
		8C2FDD0B26114BC800810CD7 /* Resources */ = {
			isa = PBXResourcesBuildPhase;
			buildActionMask = 2147483647;
			files = (
				8C2FDD1B26114BCA00810CD7 /* LaunchScreen.storyboard in Resources */,
				8C2FDD1826114BCA00810CD7 /* Assets.xcassets in Resources */,
				8C2FDD1626114BC800810CD7 /* Main.storyboard in Resources */,
			);
			runOnlyForDeploymentPostprocessing = 0;
		};
		8C2FDD1F26114BCA00810CD7 /* Resources */ = {
			isa = PBXResourcesBuildPhase;
			buildActionMask = 2147483647;
			files = (
			);
			runOnlyForDeploymentPostprocessing = 0;
		};
/* End PBXResourcesBuildPhase section */

/* Begin PBXSourcesBuildPhase section */
		8C2FDD0926114BC800810CD7 /* Sources */ = {
			isa = PBXSourcesBuildPhase;
			buildActionMask = 2147483647;
			files = (
				8C2FDD4726114F5900810CD7 /* DetailsRouter.swift in Sources */,
				8C2FDD3526114E6D00810CD7 /* SearchView.swift in Sources */,
				8C2FDD5626127D4400810CD7 /* SearchViewInputProtocol.swift in Sources */,
				8C2FDD1126114BC800810CD7 /* AppDelegate.swift in Sources */,
				8C2FDD3B26114ED600810CD7 /* SearchPresenter.swift in Sources */,
				8C2FDD6126127F9200810CD7 /* NetworkService.swift in Sources */,
				8C2FDD4126114F2A00810CD7 /* DetailsInteractor.swift in Sources */,
				8C2FDD3F26114F0F00810CD7 /* SearchRouter.swift in Sources */,
				8C2FDD6326127FAB00810CD7 /* BookDTO.swift in Sources */,
				8C2FDD3926114EBE00810CD7 /* SearchInteractor.swift in Sources */,
				8C2FDD5C26127EC200810CD7 /* SearchRouterProtocol.swift in Sources */,
				8C2FDD3D26114EF600810CD7 /* SearchConfigurator.swift in Sources */,
				8C2FDD5F26127F4700810CD7 /* ViewProtocol.swift in Sources */,
				8C2FDD3726114E7B00810CD7 /* DetailsView.swift in Sources */,
				8C2FDD5A26127E7100810CD7 /* SearchInteractorProtocol.swift in Sources */,
				8C2FDD4326114F3700810CD7 /* DetailsPresenter.swift in Sources */,
				8C2FDD5826127E6200810CD7 /* SearchViewOutputProtocol.swift in Sources */,
				8C2FDD4526114F4A00810CD7 /* DetailsConfigurator.swift in Sources */,
			);
			runOnlyForDeploymentPostprocessing = 0;
		};
		8C2FDD1D26114BCA00810CD7 /* Sources */ = {
			isa = PBXSourcesBuildPhase;
			buildActionMask = 2147483647;
			files = (
				8C2FDD2626114BCA00810CD7 /* BookSearcherTests.swift in Sources */,
			);
			runOnlyForDeploymentPostprocessing = 0;
		};
/* End PBXSourcesBuildPhase section */

/* Begin PBXTargetDependency section */
		8C2FDD2326114BCA00810CD7 /* PBXTargetDependency */ = {
			isa = PBXTargetDependency;
			target = 8C2FDD0C26114BC800810CD7 /* BookSearcher */;
			targetProxy = 8C2FDD2226114BCA00810CD7 /* PBXContainerItemProxy */;
		};
/* End PBXTargetDependency section */

/* Begin PBXVariantGroup section */
		8C2FDD1426114BC800810CD7 /* Main.storyboard */ = {
			isa = PBXVariantGroup;
			children = (
				8C2FDD1526114BC800810CD7 /* Base */,
			);
			name = Main.storyboard;
			sourceTree = "<group>";
		};
		8C2FDD1926114BCA00810CD7 /* LaunchScreen.storyboard */ = {
			isa = PBXVariantGroup;
			children = (
				8C2FDD1A26114BCA00810CD7 /* Base */,
			);
			name = LaunchScreen.storyboard;
			sourceTree = "<group>";
		};
/* End PBXVariantGroup section */

/* Begin XCBuildConfiguration section */
		8C2FDD2826114BCA00810CD7 /* Debug */ = {
			isa = XCBuildConfiguration;
			buildSettings = {
				ALWAYS_SEARCH_USER_PATHS = NO;
				CLANG_ANALYZER_NONNULL = YES;
				CLANG_ANALYZER_NUMBER_OBJECT_CONVERSION = YES_AGGRESSIVE;
				CLANG_CXX_LANGUAGE_STANDARD = "gnu++14";
				CLANG_CXX_LIBRARY = "libc++";
				CLANG_ENABLE_MODULES = YES;
				CLANG_ENABLE_OBJC_ARC = YES;
				CLANG_ENABLE_OBJC_WEAK = YES;
				CLANG_WARN_BLOCK_CAPTURE_AUTORELEASING = YES;
				CLANG_WARN_BOOL_CONVERSION = YES;
				CLANG_WARN_COMMA = YES;
				CLANG_WARN_CONSTANT_CONVERSION = YES;
				CLANG_WARN_DEPRECATED_OBJC_IMPLEMENTATIONS = YES;
				CLANG_WARN_DIRECT_OBJC_ISA_USAGE = YES_ERROR;
				CLANG_WARN_DOCUMENTATION_COMMENTS = YES;
				CLANG_WARN_EMPTY_BODY = YES;
				CLANG_WARN_ENUM_CONVERSION = YES;
				CLANG_WARN_INFINITE_RECURSION = YES;
				CLANG_WARN_INT_CONVERSION = YES;
				CLANG_WARN_NON_LITERAL_NULL_CONVERSION = YES;
				CLANG_WARN_OBJC_IMPLICIT_RETAIN_SELF = YES;
				CLANG_WARN_OBJC_LITERAL_CONVERSION = YES;
				CLANG_WARN_OBJC_ROOT_CLASS = YES_ERROR;
				CLANG_WARN_RANGE_LOOP_ANALYSIS = YES;
				CLANG_WARN_STRICT_PROTOTYPES = YES;
				CLANG_WARN_SUSPICIOUS_MOVE = YES;
				CLANG_WARN_UNGUARDED_AVAILABILITY = YES_AGGRESSIVE;
				CLANG_WARN_UNREACHABLE_CODE = YES;
				CLANG_WARN__DUPLICATE_METHOD_MATCH = YES;
				CODE_SIGN_IDENTITY = "iPhone Developer";
				COPY_PHASE_STRIP = NO;
				DEBUG_INFORMATION_FORMAT = dwarf;
				ENABLE_STRICT_OBJC_MSGSEND = YES;
				ENABLE_TESTABILITY = YES;
				GCC_C_LANGUAGE_STANDARD = gnu11;
				GCC_DYNAMIC_NO_PIC = NO;
				GCC_NO_COMMON_BLOCKS = YES;
				GCC_OPTIMIZATION_LEVEL = 0;
				GCC_PREPROCESSOR_DEFINITIONS = (
					"DEBUG=1",
					"$(inherited)",
				);
				GCC_WARN_64_TO_32_BIT_CONVERSION = YES;
				GCC_WARN_ABOUT_RETURN_TYPE = YES_ERROR;
				GCC_WARN_UNDECLARED_SELECTOR = YES;
				GCC_WARN_UNINITIALIZED_AUTOS = YES_AGGRESSIVE;
				GCC_WARN_UNUSED_FUNCTION = YES;
				GCC_WARN_UNUSED_VARIABLE = YES;
				IPHONEOS_DEPLOYMENT_TARGET = 12.1;
				MTL_ENABLE_DEBUG_INFO = INCLUDE_SOURCE;
				MTL_FAST_MATH = YES;
				ONLY_ACTIVE_ARCH = YES;
				SDKROOT = iphoneos;
				SWIFT_ACTIVE_COMPILATION_CONDITIONS = DEBUG;
				SWIFT_OPTIMIZATION_LEVEL = "-Onone";
			};
			name = Debug;
		};
		8C2FDD2926114BCA00810CD7 /* Release */ = {
			isa = XCBuildConfiguration;
			buildSettings = {
				ALWAYS_SEARCH_USER_PATHS = NO;
				CLANG_ANALYZER_NONNULL = YES;
				CLANG_ANALYZER_NUMBER_OBJECT_CONVERSION = YES_AGGRESSIVE;
				CLANG_CXX_LANGUAGE_STANDARD = "gnu++14";
				CLANG_CXX_LIBRARY = "libc++";
				CLANG_ENABLE_MODULES = YES;
				CLANG_ENABLE_OBJC_ARC = YES;
				CLANG_ENABLE_OBJC_WEAK = YES;
				CLANG_WARN_BLOCK_CAPTURE_AUTORELEASING = YES;
				CLANG_WARN_BOOL_CONVERSION = YES;
				CLANG_WARN_COMMA = YES;
				CLANG_WARN_CONSTANT_CONVERSION = YES;
				CLANG_WARN_DEPRECATED_OBJC_IMPLEMENTATIONS = YES;
				CLANG_WARN_DIRECT_OBJC_ISA_USAGE = YES_ERROR;
				CLANG_WARN_DOCUMENTATION_COMMENTS = YES;
				CLANG_WARN_EMPTY_BODY = YES;
				CLANG_WARN_ENUM_CONVERSION = YES;
				CLANG_WARN_INFINITE_RECURSION = YES;
				CLANG_WARN_INT_CONVERSION = YES;
				CLANG_WARN_NON_LITERAL_NULL_CONVERSION = YES;
				CLANG_WARN_OBJC_IMPLICIT_RETAIN_SELF = YES;
				CLANG_WARN_OBJC_LITERAL_CONVERSION = YES;
				CLANG_WARN_OBJC_ROOT_CLASS = YES_ERROR;
				CLANG_WARN_RANGE_LOOP_ANALYSIS = YES;
				CLANG_WARN_STRICT_PROTOTYPES = YES;
				CLANG_WARN_SUSPICIOUS_MOVE = YES;
				CLANG_WARN_UNGUARDED_AVAILABILITY = YES_AGGRESSIVE;
				CLANG_WARN_UNREACHABLE_CODE = YES;
				CLANG_WARN__DUPLICATE_METHOD_MATCH = YES;
				CODE_SIGN_IDENTITY = "iPhone Developer";
				COPY_PHASE_STRIP = NO;
				DEBUG_INFORMATION_FORMAT = "dwarf-with-dsym";
				ENABLE_NS_ASSERTIONS = NO;
				ENABLE_STRICT_OBJC_MSGSEND = YES;
				GCC_C_LANGUAGE_STANDARD = gnu11;
				GCC_NO_COMMON_BLOCKS = YES;
				GCC_WARN_64_TO_32_BIT_CONVERSION = YES;
				GCC_WARN_ABOUT_RETURN_TYPE = YES_ERROR;
				GCC_WARN_UNDECLARED_SELECTOR = YES;
				GCC_WARN_UNINITIALIZED_AUTOS = YES_AGGRESSIVE;
				GCC_WARN_UNUSED_FUNCTION = YES;
				GCC_WARN_UNUSED_VARIABLE = YES;
				IPHONEOS_DEPLOYMENT_TARGET = 12.1;
				MTL_ENABLE_DEBUG_INFO = NO;
				MTL_FAST_MATH = YES;
				SDKROOT = iphoneos;
				SWIFT_COMPILATION_MODE = wholemodule;
				SWIFT_OPTIMIZATION_LEVEL = "-O";
				VALIDATE_PRODUCT = YES;
			};
			name = Release;
		};
		8C2FDD2B26114BCA00810CD7 /* Debug */ = {
			isa = XCBuildConfiguration;
			buildSettings = {
				ASSETCATALOG_COMPILER_APPICON_NAME = AppIcon;
				CODE_SIGN_STYLE = Automatic;
				INFOPLIST_FILE = BookSearcher/Info.plist;
				LD_RUNPATH_SEARCH_PATHS = (
					"$(inherited)",
					"@executable_path/Frameworks",
				);
				PRODUCT_BUNDLE_IDENTIFIER = Private.BookSearcher;
				PRODUCT_NAME = "$(TARGET_NAME)";
				SWIFT_VERSION = 4.2;
				TARGETED_DEVICE_FAMILY = "1,2";
			};
			name = Debug;
		};
		8C2FDD2C26114BCA00810CD7 /* Release */ = {
			isa = XCBuildConfiguration;
			buildSettings = {
				ASSETCATALOG_COMPILER_APPICON_NAME = AppIcon;
				CODE_SIGN_STYLE = Automatic;
				INFOPLIST_FILE = BookSearcher/Info.plist;
				LD_RUNPATH_SEARCH_PATHS = (
					"$(inherited)",
					"@executable_path/Frameworks",
				);
				PRODUCT_BUNDLE_IDENTIFIER = Private.BookSearcher;
				PRODUCT_NAME = "$(TARGET_NAME)";
				SWIFT_VERSION = 4.2;
				TARGETED_DEVICE_FAMILY = "1,2";
			};
			name = Release;
		};
		8C2FDD2E26114BCA00810CD7 /* Debug */ = {
			isa = XCBuildConfiguration;
			buildSettings = {
				ALWAYS_EMBED_SWIFT_STANDARD_LIBRARIES = YES;
				BUNDLE_LOADER = "$(TEST_HOST)";
				CODE_SIGN_STYLE = Automatic;
				INFOPLIST_FILE = BookSearcherTests/Info.plist;
				LD_RUNPATH_SEARCH_PATHS = (
					"$(inherited)",
					"@executable_path/Frameworks",
					"@loader_path/Frameworks",
				);
				PRODUCT_BUNDLE_IDENTIFIER = Private.BookSearcherTests;
				PRODUCT_NAME = "$(TARGET_NAME)";
				SWIFT_VERSION = 4.2;
				TARGETED_DEVICE_FAMILY = "1,2";
				TEST_HOST = "$(BUILT_PRODUCTS_DIR)/BookSearcher.app/BookSearcher";
			};
			name = Debug;
		};
		8C2FDD2F26114BCA00810CD7 /* Release */ = {
			isa = XCBuildConfiguration;
			buildSettings = {
				ALWAYS_EMBED_SWIFT_STANDARD_LIBRARIES = YES;
				BUNDLE_LOADER = "$(TEST_HOST)";
				CODE_SIGN_STYLE = Automatic;
				INFOPLIST_FILE = BookSearcherTests/Info.plist;
				LD_RUNPATH_SEARCH_PATHS = (
					"$(inherited)",
					"@executable_path/Frameworks",
					"@loader_path/Frameworks",
				);
				PRODUCT_BUNDLE_IDENTIFIER = Private.BookSearcherTests;
				PRODUCT_NAME = "$(TARGET_NAME)";
				SWIFT_VERSION = 4.2;
				TARGETED_DEVICE_FAMILY = "1,2";
				TEST_HOST = "$(BUILT_PRODUCTS_DIR)/BookSearcher.app/BookSearcher";
			};
			name = Release;
		};
/* End XCBuildConfiguration section */

/* Begin XCConfigurationList section */
		8C2FDD0826114BC800810CD7 /* Build configuration list for PBXProject "BookSearcher" */ = {
			isa = XCConfigurationList;
			buildConfigurations = (
				8C2FDD2826114BCA00810CD7 /* Debug */,
				8C2FDD2926114BCA00810CD7 /* Release */,
			);
			defaultConfigurationIsVisible = 0;
			defaultConfigurationName = Release;
		};
		8C2FDD2A26114BCA00810CD7 /* Build configuration list for PBXNativeTarget "BookSearcher" */ = {
			isa = XCConfigurationList;
			buildConfigurations = (
				8C2FDD2B26114BCA00810CD7 /* Debug */,
				8C2FDD2C26114BCA00810CD7 /* Release */,
			);
			defaultConfigurationIsVisible = 0;
			defaultConfigurationName = Release;
		};
		8C2FDD2D26114BCA00810CD7 /* Build configuration list for PBXNativeTarget "BookSearcherTests" */ = {
			isa = XCConfigurationList;
			buildConfigurations = (
				8C2FDD2E26114BCA00810CD7 /* Debug */,
				8C2FDD2F26114BCA00810CD7 /* Release */,
			);
			defaultConfigurationIsVisible = 0;
			defaultConfigurationName = Release;
		};
/* End XCConfigurationList section */
	};
	rootObject = 8C2FDD0526114BC800810CD7 /* Project object */;
}
